
Microsoft Visual Studio Solution File, Format Version 12.00
# Visual Studio 15
VisualStudioVersion = 15.0.27703.2042
MinimumVisualStudioVersion = 10.0.40219.1
Project("{9A19103F-16F7-4668-BE54-9A1E7A4F7556}") = "FirstApi", "FirstApi.csproj", "{0972CF03-ACD7-4FFC-8E81-423D92ABFEBA}"
EndProject
Project("{E53339B2-1760-4266-BCC7-CA923CBCF16C}") = "docker-compose", "docker-compose.dcproj", "{9196AA13-63EA-4421-ACF2-E6FA99195B6A}"
EndProject
Global
	GlobalSection(SolutionConfigurationPlatforms) = preSolution
		Debug|Any CPU = Debug|Any CPU
		Release|Any CPU = Release|Any CPU
	EndGlobalSection
	GlobalSection(ProjectConfigurationPlatforms) = postSolution
		{0972CF03-ACD7-4FFC-8E81-423D92ABFEBA}.Debug|Any CPU.ActiveCfg = Debug|Any CPU
		{0972CF03-ACD7-4FFC-8E81-423D92ABFEBA}.Debug|Any CPU.Build.0 = Debug|Any CPU
		{0972CF03-ACD7-4FFC-8E81-423D92ABFEBA}.Release|Any CPU.ActiveCfg = Release|Any CPU
		{0972CF03-ACD7-4FFC-8E81-423D92ABFEBA}.Release|Any CPU.Build.0 = Release|Any CPU
		{9196AA13-63EA-4421-ACF2-E6FA99195B6A}.Debug|Any CPU.ActiveCfg = Debug|Any CPU
		{9196AA13-63EA-4421-ACF2-E6FA99195B6A}.Debug|Any CPU.Build.0 = Debug|Any CPU
		{9196AA13-63EA-4421-ACF2-E6FA99195B6A}.Release|Any CPU.ActiveCfg = Release|Any CPU
		{9196AA13-63EA-4421-ACF2-E6FA99195B6A}.Release|Any CPU.Build.0 = Release|Any CPU
	EndGlobalSection
	GlobalSection(SolutionProperties) = preSolution
		HideSolutionNode = FALSE
	EndGlobalSection
	GlobalSection(ExtensibilityGlobals) = postSolution
		SolutionGuid = {D5E87EA9-706D-4ED1-BFA7-279482F70ACB}
	EndGlobalSection
EndGlobal
